
Microsoft Visual Studio Solution File, Format Version 12.00
# Visual Studio Version 17
VisualStudioVersion = 17.1.32328.378
MinimumVisualStudioVersion = 10.0.40219.1
Project("{2150E333-8FDC-42A3-9474-1A3956D46DE8}") = "CoreCleanArchitecture.UI.MVC", "CoreCleanArchitecture.UI.MVC", "{D264722A-8F4F-416E-817D-DFAA63C06D10}"
EndProject
Project("{2150E333-8FDC-42A3-9474-1A3956D46DE8}") = "CoreCleanArchitecture.Application", "CoreCleanArchitecture.Application", "{9418F1A0-EE19-4D7E-B6B2-BED3EF77B167}"
EndProject
Project("{2150E333-8FDC-42A3-9474-1A3956D46DE8}") = "CoreCleanArchitecture.Domain", "CoreCleanArchitecture.Domain", "{1A5764FD-1DA6-479D-8235-62DC89D8E4F9}"
EndProject
Project("{2150E333-8FDC-42A3-9474-1A3956D46DE8}") = "CoreCleanArchitecture.Infrastructure.Data", "CoreCleanArchitecture.Infrastructure.Data", "{6520DC82-BDFC-4EC0-90B9-FAB4AFB4A903}"
EndProject
Project("{2150E333-8FDC-42A3-9474-1A3956D46DE8}") = "CoreCleanArchitecture.Infrastructure.Ioc", "CoreCleanArchitecture.Infrastructure.Ioc", "{88F1660F-859D-4A69-8258-7F4207BD42FA}"
EndProject
Project("{FAE04EC0-301F-11D3-BF4B-00C04F79EFBC}") = "CoreCleanArchitecture.Web", "CoreCleanArchitecture.Web\CoreCleanArchitecture.Web.csproj", "{C72163E4-C1C9-4F0B-B2FF-4F37036C5008}"
EndProject
Project("{FAE04EC0-301F-11D3-BF4B-00C04F79EFBC}") = "CleanArchitecture.Domain", "CleanArchitecture.Domain\CleanArchitecture.Domain.csproj", "{DCEDC21C-6A1B-4C25-B580-B3D2C659E0F3}"
EndProject
Project("{FAE04EC0-301F-11D3-BF4B-00C04F79EFBC}") = "CleanArchitecture.Infra.Data", "CleanArchitecture.Infra.Data\CleanArchitecture.Infra.Data.csproj", "{0BEBFB65-68BE-4FE7-B4BC-D1E3E01D4EAC}"
	ProjectSection(ProjectDependencies) = postProject
		{DCEDC21C-6A1B-4C25-B580-B3D2C659E0F3} = {DCEDC21C-6A1B-4C25-B580-B3D2C659E0F3}
	EndProjectSection
EndProject
Project("{FAE04EC0-301F-11D3-BF4B-00C04F79EFBC}") = "CleanArchitecture.Application", "CleanArchitecture.Application\CleanArchitecture.Application.csproj", "{442C4D22-A56E-4607-9E76-2541F7FCB4E4}"
EndProject
Global
	GlobalSection(SolutionConfigurationPlatforms) = preSolution
		Debug|Any CPU = Debug|Any CPU
		Release|Any CPU = Release|Any CPU
	EndGlobalSection
	GlobalSection(ProjectConfigurationPlatforms) = postSolution
		{C72163E4-C1C9-4F0B-B2FF-4F37036C5008}.Debug|Any CPU.ActiveCfg = Debug|Any CPU
		{C72163E4-C1C9-4F0B-B2FF-4F37036C5008}.Debug|Any CPU.Build.0 = Debug|Any CPU
		{C72163E4-C1C9-4F0B-B2FF-4F37036C5008}.Release|Any CPU.ActiveCfg = Release|Any CPU
		{C72163E4-C1C9-4F0B-B2FF-4F37036C5008}.Release|Any CPU.Build.0 = Release|Any CPU
		{DCEDC21C-6A1B-4C25-B580-B3D2C659E0F3}.Debug|Any CPU.ActiveCfg = Debug|Any CPU
		{DCEDC21C-6A1B-4C25-B580-B3D2C659E0F3}.Debug|Any CPU.Build.0 = Debug|Any CPU
		{DCEDC21C-6A1B-4C25-B580-B3D2C659E0F3}.Release|Any CPU.ActiveCfg = Release|Any CPU
		{DCEDC21C-6A1B-4C25-B580-B3D2C659E0F3}.Release|Any CPU.Build.0 = Release|Any CPU
		{0BEBFB65-68BE-4FE7-B4BC-D1E3E01D4EAC}.Debug|Any CPU.ActiveCfg = Debug|Any CPU
		{0BEBFB65-68BE-4FE7-B4BC-D1E3E01D4EAC}.Debug|Any CPU.Build.0 = Debug|Any CPU
		{0BEBFB65-68BE-4FE7-B4BC-D1E3E01D4EAC}.Release|Any CPU.ActiveCfg = Release|Any CPU
		{0BEBFB65-68BE-4FE7-B4BC-D1E3E01D4EAC}.Release|Any CPU.Build.0 = Release|Any CPU
		{442C4D22-A56E-4607-9E76-2541F7FCB4E4}.Debug|Any CPU.ActiveCfg = Debug|Any CPU
		{442C4D22-A56E-4607-9E76-2541F7FCB4E4}.Debug|Any CPU.Build.0 = Debug|Any CPU
		{442C4D22-A56E-4607-9E76-2541F7FCB4E4}.Release|Any CPU.ActiveCfg = Release|Any CPU
		{442C4D22-A56E-4607-9E76-2541F7FCB4E4}.Release|Any CPU.Build.0 = Release|Any CPU
	EndGlobalSection
	GlobalSection(SolutionProperties) = preSolution
		HideSolutionNode = FALSE
	EndGlobalSection
	GlobalSection(NestedProjects) = preSolution
		{C72163E4-C1C9-4F0B-B2FF-4F37036C5008} = {D264722A-8F4F-416E-817D-DFAA63C06D10}
		{DCEDC21C-6A1B-4C25-B580-B3D2C659E0F3} = {1A5764FD-1DA6-479D-8235-62DC89D8E4F9}
		{0BEBFB65-68BE-4FE7-B4BC-D1E3E01D4EAC} = {6520DC82-BDFC-4EC0-90B9-FAB4AFB4A903}
		{442C4D22-A56E-4607-9E76-2541F7FCB4E4} = {9418F1A0-EE19-4D7E-B6B2-BED3EF77B167}
	EndGlobalSection
	GlobalSection(ExtensibilityGlobals) = postSolution
		SolutionGuid = {81096CE6-0861-4B86-814A-293D5C246320}
	EndGlobalSection
EndGlobal
